# This file is autogenerated, do not edit; changes may be undone by the next 'dep ensure'.


[[projects]]
  digest = "1:3db84d96a3d6ce7bcf640b5fe4447889cbafd4656a8ac7ec73cf3395442b3dcb"
  name = "github.com/btcsuite/btcd"
  packages = ["btcec"]
  pruneopts = "UT"
  revision = "583684b21bfbde9b5fc4403916fd7c807feb0289"

[[projects]]
  digest = "1:ed281a72055669af2ff2e3cf031dda7e6a321265fa8b0cdc194697b4efa373c9"
  name = "github.com/clipperhouse/typewriter"
  packages = ["."]
  pruneopts = "UT"
  revision = "c1a48da378ebb7db1db9f35981b5cc24bf2e5b85"

[[projects]]
  digest = "1:667f41be124637d8af08d9163be07cc718ae291bc590b6a91047c94b25ef0753"
  name = "github.com/davecgh/go-spew"
  packages = ["spew"]
  pruneopts = "UT"
  revision = "6d212800a42e8ab5c146b8ace3490ee17e5225f9"

[[projects]]
  digest = "1:38c783cf85b9454cc02a1a8319239800ed0af6c1c864adf19cea0539e134adad"
  name = "github.com/fsnotify/fsnotify"
  packages = ["."]
  pruneopts = "UT"
  revision = "4da3e2cfbabc9f751898f250b49f2439785783a1"

[[projects]]
  digest = "1:1f9fc8f8d0697ebfc2bc65662724928a91e0262e2b16f27c961986a3b6e7a032"
  name = "github.com/go-kit/kit"
  packages = [
    "log",
    "log/level",
    "log/term",
  ]
  pruneopts = "UT"
  revision = "d67bb4c202e3b91377d1079b110a6c9ce23ab2f8"

[[projects]]
  digest = "1:31a18dae27a29aa074515e43a443abfd2ba6deb6d69309d8d7ce789c45f34659"
  name = "github.com/go-logfmt/logfmt"
  packages = ["."]
  pruneopts = "UT"
  revision = "390ab7935ee28ec6b286364bba9b4dd6410cb3d5"
  version = "v0.3.0"

[[projects]]
  digest = "1:cdb6ee9162f4ce18ab16264928a31f91c43a08e065c7ef149e86ba49c6a4495e"
  name = "github.com/go-stack/stack"
  packages = ["."]
  pruneopts = "UT"
  revision = "100eb0c0a9c5b306ca2fb4f165df21d80ada4b82"
  version = "v1.5.2"

[[projects]]
  digest = "1:1a69d7e0da96ca899b3a386f9dfce03c4b71a0b0bf2f0c4d631102962933c19e"
  name = "github.com/golang/protobuf"
  packages = [
    "proto",
    "ptypes/any",
  ]
  pruneopts = "UT"
  revision = "18c9bb3261723cd5401db4d0c9fbc5c3b6c70fe8"

[[projects]]
  digest = "1:29a5ab9fa9e845fd8e8726f31b187d710afd271ef1eb32085fe3d604b7e06382"
  name = "github.com/golang/snappy"
  packages = ["."]
  pruneopts = "UT"
  revision = "553a641470496b2327abcac10b36396bd98e45c9"

[[projects]]
  digest = "1:b5090146529377f77830ae60f254e37bbf9bb89aac519829405c1ac010d1ec97"
  name = "github.com/hashicorp/hcl"
  packages = [
    ".",
    "hcl/ast",
    "hcl/parser",
    "hcl/scanner",
    "hcl/strconv",
    "hcl/token",
    "json/parser",
    "json/scanner",
    "json/token",
  ]
  pruneopts = "UT"
  revision = "392dba7d905ed5d04a5794ba89f558b27e2ba1ca"

[[projects]]
  digest = "1:870d441fe217b8e689d7949fef6e43efbc787e50f200cb1e70dbca9204a1d6be"
  name = "github.com/inconshreveable/mousetrap"
  packages = ["."]
  pruneopts = "UT"
  revision = "76626ae9c91c4f2a10f34cad8ce83ea42c93bb75"
  version = "v1.0"

[[projects]]
  branch = "master"
  digest = "1:39b27d1381a30421f9813967a5866fba35dc1d4df43a6eefe3b7a5444cb07214"
  name = "github.com/jmhodges/levigo"
  packages = ["."]
  pruneopts = "UT"
  revision = "c42d9e0ca023e2198120196f842701bb4c55d7b9"

[[projects]]
  branch = "master"
  digest = "1:a64e323dc06b73892e5bb5d040ced475c4645d456038333883f58934abbf6f72"
  name = "github.com/kr/logfmt"
  packages = ["."]
  pruneopts = "UT"
  revision = "b84e30acd515aadc4b783ad4ff83aff3299bdfe0"

[[projects]]
  digest = "1:79c55505b38424ce7dc479e8e0813db40245434db95a5d2e3390bfa24047b43c"
  name = "github.com/magiconair/properties"
  packages = ["."]
  pruneopts = "UT"
  revision = "51463bfca2576e06c62a8504b5c0f06d61312647"

[[projects]]
  digest = "1:3b1bd950e1602fa2ae92650110628444bf205cca908d7491794b09e045a66ac0"
  name = "github.com/mitchellh/mapstructure"
  packages = ["."]
  pruneopts = "UT"
  revision = "cc8532a8e9a55ea36402aa21efdf403a60d34096"

[[projects]]
  digest = "1:b2ee62e09bec113cf086d2ce0769efcc7bf79481aba8373fd8f7884e94df3462"
  name = "github.com/pelletier/go-buffruneio"
  packages = ["."]
  pruneopts = "UT"
  revision = "c37440a7cf42ac63b919c752ca73a85067e05992"
  version = "v0.2.0"

[[projects]]
  digest = "1:672fc199528eedd840c4b72082b2bca2922a338d412ce1a4d40f72d602e4e83b"
  name = "github.com/pelletier/go-toml"
  packages = ["."]
  pruneopts = "UT"
  revision = "13d49d4606eb801b8f01ae542b4afc4c6ee3d84a"
  version = "v0.5.0"

[[projects]]
  digest = "1:40e195917a951a8bf867cd05de2a46aaf1806c50cf92eebf4c16f78cd196f747"
  name = "github.com/pkg/errors"
  packages = ["."]
  pruneopts = "UT"
  revision = "645ef00459ed84a119197bfb8d8205042c6df63d"
  version = "v0.8.0"

[[projects]]
  digest = "1:08413c4235cad94a96c39e1e2f697789733c4a87d1fdf06b412d2cf2ba49826a"
  name = "github.com/pmezard/go-difflib"
  packages = ["difflib"]
  pruneopts = "UT"
  revision = "d8ed2627bdf02c080bf22230dbb337003b7aba2d"

[[projects]]
  digest = "1:612c049404353b151a3d9fd779b72a0905df1f799056c29202ad84d4fcb1b748"
  name = "github.com/spf13/afero"
  packages = [
    ".",
    "mem",
  ]
  pruneopts = "UT"
  revision = "9be650865eab0c12963d8753212f4f9c66cdcf12"

[[projects]]
  digest = "1:9b28ee2984c69d78afe2ce52b1650ba91a6381f355ff08c1d0e53d9e66bd62fe"
  name = "github.com/spf13/cast"
  packages = ["."]
  pruneopts = "UT"
  revision = "acbeb36b902d72a7a4c18e8f3241075e7ab763e4"
  version = "v1.1.0"

[[projects]]
  digest = "1:0feb002a830159bc8bbdcda7a786705a6ec68cc98b8f8494bbf6a61065090684"
  name = "github.com/spf13/cobra"
  packages = ["."]
  pruneopts = "UT"
  revision = "4cdb38c072b86bf795d2c81de50784d9fdd6eb77"

[[projects]]
  digest = "1:a57e9df4ec9730e40dd6bac6f88c5dfa62159de9e7c3273fb7d829c09d4b20d2"
  name = "github.com/spf13/jwalterweatherman"
  packages = ["."]
  pruneopts = "UT"
  revision = "8f07c835e5cc1450c082fe3a439cf87b0cbb2d99"

[[projects]]
  digest = "1:1b21a2b4058a779f290c7341cd93267492e0ecea6c8b54f64a4a5fd7ff131034"
  name = "github.com/spf13/pflag"
  packages = ["."]
  pruneopts = "UT"
  revision = "e57e3eeb33f795204c1ca35f56c44f83227c6e66"
  version = "v1.0.0"

[[projects]]
  digest = "1:988cb1d740f5e90b338cc8fa4ae3977c75ab75a173792730d423da0f0d0575d2"
  name = "github.com/spf13/viper"
  packages = ["."]
  pruneopts = "UT"
  revision = "0967fc9aceab2ce9da34061253ac10fb99bba5b2"

[[projects]]
  digest = "1:db1eb3ddc46067e4cda85237f4026899a8919a88fadde3c19be25e689e5e7fe2"
  name = "github.com/stretchr/testify"
  packages = [
    "assert",
    "require",
  ]
  pruneopts = "UT"
  revision = "69483b4bd14f5845b5a1e55bca19e954e827f1d0"
  version = "v1.1.4"

[[projects]]
  digest = "1:9137e62a44c92cd9fe7d563b8480a6fbb2cd97815ef194a37696d9635a6a4056"
  name = "github.com/syndtr/goleveldb"
  packages = [
    "leveldb",
    "leveldb/cache",
    "leveldb/comparer",
    "leveldb/errors",
    "leveldb/filter",
    "leveldb/iterator",
    "leveldb/journal",
    "leveldb/memdb",
    "leveldb/opt",
    "leveldb/storage",
    "leveldb/table",
    "leveldb/util",
  ]
  pruneopts = "UT"
  revision = "8c81ea47d4c41a385645e133e15510fc6a2a74b4"

[[projects]]
  branch = "develop"
  digest = "1:674a4e612233cbeb1ffea20ecd82d1a5991289d59cd31c8cef6a5c45e5f4bd50"
  name = "github.com/tendermint/abci"
  packages = [
    "client",
    "server",
    "types",
  ]
  pruneopts = "UT"
  revision = "7f5f48b6b9ec3964de4b07b6c3cd05d7c91aeee5"

[[projects]]
  digest = "1:fdf43b2d6bc17fdb6d663104c644149b2ab7d9239aa1c532f1ba1bd7dddff561"
  name = "github.com/tendermint/ed25519"
  packages = [
    ".",
    "edwards25519",
    "extra25519",
  ]
  pruneopts = "UT"
  revision = "1f52c6f8b8a5c7908aff4497c186af344b428925"

[[projects]]
  digest = "1:bb419fd537962b6535c7ff5939b6a72da222761297481293cce8163b21f0481b"
  name = "github.com/tendermint/go-crypto"
  packages = ["."]
  pruneopts = "UT"
  revision = "7dff40942a64cdeefefa9446b2d104750b349f8a"
  version = "v0.2.0"

[[projects]]
  branch = "develop"
  digest = "1:ba1fc898c3838f93558576ba723dc8a0c5f2c542c896030cb7c2de789b381762"
  name = "github.com/tendermint/go-wire"
  packages = [
    ".",
    "data",
    "data/base58",
  ]
  pruneopts = "UT"
  revision = "301a758c9d28e9f3900ff5d545403cf4e5f6e73f"

[[projects]]
  digest = "1:bc2b3785111cb1b1b9bfbb51d34918c337c663735777f7ed7cb2fb73a454e5f2"
  name = "github.com/tendermint/merkleeyes"
  packages = [
    "app",
    "client",
    "cmd",
    "iavl",
    "version",
  ]
  pruneopts = "UT"
  revision = "102aaf5a8ffda1846413fb22805a94def2045b9f"
  version = "v0.2.4"

[[projects]]
  branch = "develop"
  digest = "1:deec162b5f42db773a6f5287319112a9c2e3eeef05d8c411a8dbd0504c0c3afc"
  name = "github.com/tendermint/tmlibs"
  packages = [
    "cli",
    "cli/flags",
    "common",
    "db",
    "log",
    "merkle",
    "test",
  ]
  pruneopts = "UT"
  revision = "efb56aaea7517220bb3f42ff87b8004d554a17ff"

[[projects]]
  digest = "1:65fb1cbc006e5a080c53b67cc5cc607e5e163fced432ba5f70df24fba86c3b94"
  name = "golang.org/x/crypto"
  packages = [
    "nacl/secretbox",
    "openpgp/armor",
    "openpgp/errors",
    "poly1305",
    "ripemd160",
    "salsa20/salsa",
  ]
  pruneopts = "UT"
  revision = "c7af5bf2638a1164f2eb5467c39c6cffbd13a02e"

[[projects]]
  digest = "1:317438a490e3db0c11a753a8168240da7675bed06f7a8847acb80a251bda520a"
  name = "golang.org/x/net"
  packages = [
    "context",
    "http2",
    "http2/hpack",
    "idna",
    "internal/timeseries",
    "lex/httplex",
    "trace",
  ]
  pruneopts = "UT"
  revision = "feeb485667d1fdabe727840fe00adc22431bc86e"

[[projects]]
  digest = "1:a22d34352d8640db144d41c73d5ab56bd7706b2833101a628187ae9538f80ae5"
  name = "golang.org/x/sys"
  packages = ["unix"]
  pruneopts = "UT"
  revision = "e62c3de784db939836898e5c19ffd41bece347da"

[[projects]]
  digest = "1:ca9ebfc1200ca7423d9778dba9cdd463704753541c99dc4896f15e0b8b2bf1e8"
  name = "golang.org/x/text"
  packages = [
    "internal/gen",
    "internal/triegen",
    "internal/ucd",
    "secure/bidirule",
    "transform",
    "unicode/bidi",
    "unicode/cldr",
    "unicode/norm",
    "unicode/rangetable",
  ]
  pruneopts = "UT"
  revision = "470f45bf29f4147d6fbd7dfd0a02a848e49f5bf4"

[[projects]]
  branch = "master"
  digest = "1:5dd1ef8aaee9b34e2933b1be7b2a62bc736cfbe2c82df928f0f99f8a781ddc55"
  name = "golang.org/x/tools"
  packages = [
    "go/ast/astutil",
    "imports",
    "internal/fastwalk",
    "internal/gopathwalk",
  ]
  pruneopts = "UT"
  revision = "6d71ab8aade08605ffc36622332264e2f6991952"

[[projects]]
  digest = "1:cb70aae90468307b1bfc1a4d3e8b672a63382f72b05f7adb1f787d68ed6271d1"
  name = "google.golang.org/genproto"
  packages = ["googleapis/rpc/status"]
  pruneopts = "UT"
  revision = "411e09b969b1170a9f0c467558eb4c4c110d9c77"

[[projects]]
  digest = "1:f6f844caee02e13993461bbdb9eda967ebd259fe54f2c3ed177839e667384f27"
  name = "google.golang.org/grpc"
  packages = [
    ".",
    "codes",
    "credentials",
    "grpclb/grpc_lb_v1",
    "grpclog",
    "internal",
    "keepalive",
    "metadata",
    "naming",
    "peer",
    "stats",
    "status",
    "tap",
    "transport",
  ]
  pruneopts = "UT"
  revision = "844f573616520565fdc6fb4db242321b5456fd6d"

[[projects]]
  digest = "1:35c04c23c8aef680782e117c67e29750453c92d11448da616d2e399887e5fc86"
  name = "gopkg.in/yaml.v2"
  packages = ["."]
  pruneopts = "UT"
  revision = "cd8b52f8269e0feb286dfeef29f8fe4d5b397e0b"

[solve-meta]
  analyzer-name = "dep"
  analyzer-version = 1
  input-imports = [
    "github.com/spf13/cobra",
    "github.com/spf13/viper",
    "github.com/stretchr/testify/assert",
    "github.com/stretchr/testify/require",
    "github.com/tendermint/abci/client",
    "github.com/tendermint/abci/server",
    "github.com/tendermint/abci/types",
    "github.com/tendermint/go-crypto",
    "github.com/tendermint/go-wire",
    "github.com/tendermint/go-wire/data",
    "github.com/tendermint/merkleeyes/app",
    "github.com/tendermint/merkleeyes/client",
    "github.com/tendermint/merkleeyes/cmd",
    "github.com/tendermint/merkleeyes/iavl",
    "github.com/tendermint/merkleeyes/version",
    "github.com/tendermint/tmlibs/common",
    "github.com/tendermint/tmlibs/db",
    "github.com/tendermint/tmlibs/merkle",
    "github.com/tendermint/tmlibs/test",
    "golang.org/x/crypto/ripemd160",
  ]
  solver-name = "gps-cdcl"
  solver-version = 1
